
Microsoft Visual Studio Solution File, Format Version 12.00
# Visual Studio 15
VisualStudioVersion = 15.0.28010.0
MinimumVisualStudioVersion = 10.0.40219.1
Project("{FAE04EC0-301F-11D3-BF4B-00C04F79EFBC}") = "Real", "Real\Real.csproj", "{3E35C7F5-7178-4AFE-B011-6AECFAC27DE5}"
EndProject
Global
	GlobalSection(SolutionConfigurationPlatforms) = preSolution
		Debug|Any CPU = Debug|Any CPU
		Release|Any CPU = Release|Any CPU
	EndGlobalSection
	GlobalSection(ProjectConfigurationPlatforms) = postSolution
		{3E35C7F5-7178-4AFE-B011-6AECFAC27DE5}.Debug|Any CPU.ActiveCfg = Debug|Any CPU
		{3E35C7F5-7178-4AFE-B011-6AECFAC27DE5}.Debug|Any CPU.Build.0 = Debug|Any CPU
		{3E35C7F5-7178-4AFE-B011-6AECFAC27DE5}.Release|Any CPU.ActiveCfg = Release|Any CPU
		{3E35C7F5-7178-4AFE-B011-6AECFAC27DE5}.Release|Any CPU.Build.0 = Release|Any CPU
	EndGlobalSection
	GlobalSection(SolutionProperties) = preSolution
		HideSolutionNode = FALSE
	EndGlobalSection
	GlobalSection(ExtensibilityGlobals) = postSolution
		SolutionGuid = {0E744063-6021-420F-8440-0A68BF3CA3EF}
	EndGlobalSection
EndGlobal
